
Microsoft Visual Studio Solution File, Format Version 12.00
Project("{2150E333-8FDC-42A3-9474-1A3956D46DE8}") = "src", "src", "{5FB28234-858F-4E64-920E-245F92529D8F}"
	ProjectSection(SolutionItems) = preProject
		src\Directory.Build.props = src\Directory.Build.props
	EndProjectSection
EndProject
Project("{2150E333-8FDC-42A3-9474-1A3956D46DE8}") = "test", "test", "{67A04439-B9B7-4420-A229-6353EAD7E265}"
EndProject
Project("{FAE04EC0-301F-11D3-BF4B-00C04F79EFBC}") = "Waystone.Monads", "src\Waystone.Monads\Waystone.Monads.csproj", "{C2B72A21-FC0C-469B-98FD-96E2A9CCAA40}"
EndProject
Project("{FAE04EC0-301F-11D3-BF4B-00C04F79EFBC}") = "Waystone.Monads.Tests", "test\Waystone.Monads.Tests\Waystone.Monads.Tests.csproj", "{3A40B955-39A2-46E3-A24C-C85AA83A48B4}"
EndProject
Project("{2150E333-8FDC-42A3-9474-1A3956D46DE8}") = "SolutionItems", "SolutionItems", "{FEDE91C0-BFEC-4BB1-8BE6-5DD02309A129}"
	ProjectSection(SolutionItems) = preProject
		Directory.Packages.props = Directory.Packages.props
		GitVersion.yml = GitVersion.yml
		global.json = global.json
		.gitignore = .gitignore
		README.md = README.md
	EndProjectSection
EndProject
Project("{FAE04EC0-301F-11D3-BF4B-00C04F79EFBC}") = "Waystone.Monads.FluentValidation", "src\Waystone.Monads.FluentValidation\Waystone.Monads.FluentValidation.csproj", "{DA22C20E-2D43-4090-AA65-C20591F78A0E}"
EndProject
Project("{FAE04EC0-301F-11D3-BF4B-00C04F79EFBC}") = "Waystone.WideLogEvents", "src\Waystone.WideLogEvents\Waystone.WideLogEvents.csproj", "{79F6CBD4-DFA3-4B4D-9CD9-D710CBB75EC5}"
EndProject
Project("{FAE04EC0-301F-11D3-BF4B-00C04F79EFBC}") = "Serilog.Enrichers.Waystone.WideLogEvents", "src\Serilog.Enrichers.Waystone.WideLogEvents\Serilog.Enrichers.Waystone.WideLogEvents.csproj", "{56758034-C280-4626-A417-FF48A8402338}"
EndProject
Project("{FAE04EC0-301F-11D3-BF4B-00C04F79EFBC}") = "Serilog.Enrichers.Waystone.WideLogEvents.AspNetCore", "src\Serilog.Enrichers.Waystone.WideLogEvents.AspNetCore\Serilog.Enrichers.Waystone.WideLogEvents.AspNetCore.csproj", "{0359A9B0-B9D3-4248-BE4D-197B02565A95}"
EndProject
Project("{2150E333-8FDC-42A3-9474-1A3956D46DE8}") = "sample", "sample", "{F0B7769E-388B-4FA6-B0F4-1599CE75C5D6}"
EndProject
Project("{FAE04EC0-301F-11D3-BF4B-00C04F79EFBC}") = "WideEvents.AspNetCore.Sample", "sample\WideEvents.AspNetCore.Sample\WideEvents.AspNetCore.Sample.csproj", "{197A617E-9741-42C9-889C-FDD2C9C70DAD}"
EndProject
Project("{FAE04EC0-301F-11D3-BF4B-00C04F79EFBC}") = "Waystone.WideLogEvents.Tests", "test\Waystone.WideLogEvents.Tests\Waystone.WideLogEvents.Tests.csproj", "{90A65901-A673-4EE2-A78C-7F41EF6CE4E5}"
EndProject
Project("{FAE04EC0-301F-11D3-BF4B-00C04F79EFBC}") = "Serilog.Enrichers.Waystone.WideLogEvents.AspNetCore.Tests", "test\Serilog.Enrichers.Waystone.WideLogEvents.AspNetCore.Tests\Serilog.Enrichers.Waystone.WideLogEvents.AspNetCore.Tests.csproj", "{269EFA64-0F0F-4846-8FFA-9C229DA76F0D}"
EndProject
Project("{FAE04EC0-301F-11D3-BF4B-00C04F79EFBC}") = "Serilog.Enrichers.Waystone.WideLogEvents.Tests", "test\Serilog.Enrichers.Waystone.WideLogEvents.Tests\Serilog.Enrichers.Waystone.WideLogEvents.Tests.csproj", "{ACE3C7D3-96F4-4977-B504-4A5DD394F664}"
EndProject
Project("{FAE04EC0-301F-11D3-BF4B-00C04F79EFBC}") = "Waystone.Monads.Analyzers", "src\Waystone.Monads.Analyzers\Waystone.Monads.Analyzers.csproj", "{5AF77572-72A2-4715-8E8B-C78C5B384841}"
EndProject
Project("{FAE04EC0-301F-11D3-BF4B-00C04F79EFBC}") = "Waystone.Monads.Analyzers.CodeFixes", "src\Waystone.Monads.Analyzers.CodeFixes\Waystone.Monads.Analyzers.CodeFixes.csproj", "{FB14BA5E-6225-4E21-8D38-E1AF34B5F8F9}"
EndProject
Project("{FAE04EC0-301F-11D3-BF4B-00C04F79EFBC}") = "Waystone.Monads.Analyzers.Tests", "test\Waystone.Monads.Analyzers.Tests\Waystone.Monads.Analyzers.Tests.csproj", "{AAC795B6-7936-4226-A8F5-265A02258107}"
EndProject
Project("{FAE04EC0-301F-11D3-BF4B-00C04F79EFBC}") = "Waystone.Monads.Analyzers.Sample", "sample\Waystone.Monads.Analyzers.Sample\Waystone.Monads.Analyzers.Sample.csproj", "{C521A0E0-4443-419E-94E1-5A6C7BAAF9EF}"
EndProject
Project("{2150E333-8FDC-42A3-9474-1A3956D46DE8}") = "bench", "bench", "{760AB15A-8938-8D9B-BEDE-5CE1484B84C3}"
EndProject
Project("{FAE04EC0-301F-11D3-BF4B-00C04F79EFBC}") = "Waystone.Monads.Benchmarks", "bench\Waystone.Monads.Benchmarks\Waystone.Monads.Benchmarks.csproj", "{3B8663EA-CFAB-4E32-ACDD-7F91C020A5B5}"
EndProject
Project("{FAE04EC0-301F-11D3-BF4B-00C04F79EFBC}") = "Waystone.SourceGenerators", "src\Waystone.SourceGenerators\Waystone.SourceGenerators.csproj", "{2BAE28F5-E3B9-481F-A543-6E04C9DE5B5A}"
EndProject
Project("{FAE04EC0-301F-11D3-BF4B-00C04F79EFBC}") = "Waystone.SourceGenerators.Tests", "test\Waystone.SourceGenerators.Tests\Waystone.SourceGenerators.Tests.csproj", "{65B4269E-B928-44B8-B15B-8F475C09515D}"
EndProject
Global
	GlobalSection(SolutionConfigurationPlatforms) = preSolution
		Debug|Any CPU = Debug|Any CPU
		Debug|x64 = Debug|x64
		Debug|x86 = Debug|x86
		Release|Any CPU = Release|Any CPU
		Release|x64 = Release|x64
		Release|x86 = Release|x86
	EndGlobalSection
	GlobalSection(ProjectConfigurationPlatforms) = postSolution
		{C2B72A21-FC0C-469B-98FD-96E2A9CCAA40}.Debug|Any CPU.ActiveCfg = Debug|Any CPU
		{C2B72A21-FC0C-469B-98FD-96E2A9CCAA40}.Debug|Any CPU.Build.0 = Debug|Any CPU
		{C2B72A21-FC0C-469B-98FD-96E2A9CCAA40}.Debug|x64.ActiveCfg = Debug|Any CPU
		{C2B72A21-FC0C-469B-98FD-96E2A9CCAA40}.Debug|x64.Build.0 = Debug|Any CPU
		{C2B72A21-FC0C-469B-98FD-96E2A9CCAA40}.Debug|x86.ActiveCfg = Debug|Any CPU
		{C2B72A21-FC0C-469B-98FD-96E2A9CCAA40}.Debug|x86.Build.0 = Debug|Any CPU
		{C2B72A21-FC0C-469B-98FD-96E2A9CCAA40}.Release|Any CPU.ActiveCfg = Release|Any CPU
		{C2B72A21-FC0C-469B-98FD-96E2A9CCAA40}.Release|Any CPU.Build.0 = Release|Any CPU
		{C2B72A21-FC0C-469B-98FD-96E2A9CCAA40}.Release|x64.ActiveCfg = Release|Any CPU
		{C2B72A21-FC0C-469B-98FD-96E2A9CCAA40}.Release|x64.Build.0 = Release|Any CPU
		{C2B72A21-FC0C-469B-98FD-96E2A9CCAA40}.Release|x86.ActiveCfg = Release|Any CPU
		{C2B72A21-FC0C-469B-98FD-96E2A9CCAA40}.Release|x86.Build.0 = Release|Any CPU
		{3A40B955-39A2-46E3-A24C-C85AA83A48B4}.Debug|Any CPU.ActiveCfg = Debug|Any CPU
		{3A40B955-39A2-46E3-A24C-C85AA83A48B4}.Debug|Any CPU.Build.0 = Debug|Any CPU
		{3A40B955-39A2-46E3-A24C-C85AA83A48B4}.Debug|x64.ActiveCfg = Debug|Any CPU
		{3A40B955-39A2-46E3-A24C-C85AA83A48B4}.Debug|x64.Build.0 = Debug|Any CPU
		{3A40B955-39A2-46E3-A24C-C85AA83A48B4}.Debug|x86.ActiveCfg = Debug|Any CPU
		{3A40B955-39A2-46E3-A24C-C85AA83A48B4}.Debug|x86.Build.0 = Debug|Any CPU
		{3A40B955-39A2-46E3-A24C-C85AA83A48B4}.Release|Any CPU.ActiveCfg = Release|Any CPU
		{3A40B955-39A2-46E3-A24C-C85AA83A48B4}.Release|Any CPU.Build.0 = Release|Any CPU
		{3A40B955-39A2-46E3-A24C-C85AA83A48B4}.Release|x64.ActiveCfg = Release|Any CPU
		{3A40B955-39A2-46E3-A24C-C85AA83A48B4}.Release|x64.Build.0 = Release|Any CPU
		{3A40B955-39A2-46E3-A24C-C85AA83A48B4}.Release|x86.ActiveCfg = Release|Any CPU
		{3A40B955-39A2-46E3-A24C-C85AA83A48B4}.Release|x86.Build.0 = Release|Any CPU
		{DA22C20E-2D43-4090-AA65-C20591F78A0E}.Debug|Any CPU.ActiveCfg = Debug|Any CPU
		{DA22C20E-2D43-4090-AA65-C20591F78A0E}.Debug|Any CPU.Build.0 = Debug|Any CPU
		{DA22C20E-2D43-4090-AA65-C20591F78A0E}.Debug|x64.ActiveCfg = Debug|Any CPU
		{DA22C20E-2D43-4090-AA65-C20591F78A0E}.Debug|x64.Build.0 = Debug|Any CPU
		{DA22C20E-2D43-4090-AA65-C20591F78A0E}.Debug|x86.ActiveCfg = Debug|Any CPU
		{DA22C20E-2D43-4090-AA65-C20591F78A0E}.Debug|x86.Build.0 = Debug|Any CPU
		{DA22C20E-2D43-4090-AA65-C20591F78A0E}.Release|Any CPU.ActiveCfg = Release|Any CPU
		{DA22C20E-2D43-4090-AA65-C20591F78A0E}.Release|Any CPU.Build.0 = Release|Any CPU
		{DA22C20E-2D43-4090-AA65-C20591F78A0E}.Release|x64.ActiveCfg = Release|Any CPU
		{DA22C20E-2D43-4090-AA65-C20591F78A0E}.Release|x64.Build.0 = Release|Any CPU
		{DA22C20E-2D43-4090-AA65-C20591F78A0E}.Release|x86.ActiveCfg = Release|Any CPU
		{DA22C20E-2D43-4090-AA65-C20591F78A0E}.Release|x86.Build.0 = Release|Any CPU
		{79F6CBD4-DFA3-4B4D-9CD9-D710CBB75EC5}.Debug|Any CPU.ActiveCfg = Debug|Any CPU
		{79F6CBD4-DFA3-4B4D-9CD9-D710CBB75EC5}.Debug|Any CPU.Build.0 = Debug|Any CPU
		{79F6CBD4-DFA3-4B4D-9CD9-D710CBB75EC5}.Debug|x64.ActiveCfg = Debug|Any CPU
		{79F6CBD4-DFA3-4B4D-9CD9-D710CBB75EC5}.Debug|x64.Build.0 = Debug|Any CPU
		{79F6CBD4-DFA3-4B4D-9CD9-D710CBB75EC5}.Debug|x86.ActiveCfg = Debug|Any CPU
		{79F6CBD4-DFA3-4B4D-9CD9-D710CBB75EC5}.Debug|x86.Build.0 = Debug|Any CPU
		{79F6CBD4-DFA3-4B4D-9CD9-D710CBB75EC5}.Release|Any CPU.ActiveCfg = Release|Any CPU
		{79F6CBD4-DFA3-4B4D-9CD9-D710CBB75EC5}.Release|Any CPU.Build.0 = Release|Any CPU
		{79F6CBD4-DFA3-4B4D-9CD9-D710CBB75EC5}.Release|x64.ActiveCfg = Release|Any CPU
		{79F6CBD4-DFA3-4B4D-9CD9-D710CBB75EC5}.Release|x64.Build.0 = Release|Any CPU
		{79F6CBD4-DFA3-4B4D-9CD9-D710CBB75EC5}.Release|x86.ActiveCfg = Release|Any CPU
		{79F6CBD4-DFA3-4B4D-9CD9-D710CBB75EC5}.Release|x86.Build.0 = Release|Any CPU
		{56758034-C280-4626-A417-FF48A8402338}.Debug|Any CPU.ActiveCfg = Debug|Any CPU
		{56758034-C280-4626-A417-FF48A8402338}.Debug|Any CPU.Build.0 = Debug|Any CPU
		{56758034-C280-4626-A417-FF48A8402338}.Debug|x64.ActiveCfg = Debug|Any CPU
		{56758034-C280-4626-A417-FF48A8402338}.Debug|x64.Build.0 = Debug|Any CPU
		{56758034-C280-4626-A417-FF48A8402338}.Debug|x86.ActiveCfg = Debug|Any CPU
		{56758034-C280-4626-A417-FF48A8402338}.Debug|x86.Build.0 = Debug|Any CPU
		{56758034-C280-4626-A417-FF48A8402338}.Release|Any CPU.ActiveCfg = Release|Any CPU
		{56758034-C280-4626-A417-FF48A8402338}.Release|Any CPU.Build.0 = Release|Any CPU
		{56758034-C280-4626-A417-FF48A8402338}.Release|x64.ActiveCfg = Release|Any CPU
		{56758034-C280-4626-A417-FF48A8402338}.Release|x64.Build.0 = Release|Any CPU
		{56758034-C280-4626-A417-FF48A8402338}.Release|x86.ActiveCfg = Release|Any CPU
		{56758034-C280-4626-A417-FF48A8402338}.Release|x86.Build.0 = Release|Any CPU
		{0359A9B0-B9D3-4248-BE4D-197B02565A95}.Debug|Any CPU.ActiveCfg = Debug|Any CPU
		{0359A9B0-B9D3-4248-BE4D-197B02565A95}.Debug|Any CPU.Build.0 = Debug|Any CPU
		{0359A9B0-B9D3-4248-BE4D-197B02565A95}.Debug|x64.ActiveCfg = Debug|Any CPU
		{0359A9B0-B9D3-4248-BE4D-197B02565A95}.Debug|x64.Build.0 = Debug|Any CPU
		{0359A9B0-B9D3-4248-BE4D-197B02565A95}.Debug|x86.ActiveCfg = Debug|Any CPU
		{0359A9B0-B9D3-4248-BE4D-197B02565A95}.Debug|x86.Build.0 = Debug|Any CPU
		{0359A9B0-B9D3-4248-BE4D-197B02565A95}.Release|Any CPU.ActiveCfg = Release|Any CPU
		{0359A9B0-B9D3-4248-BE4D-197B02565A95}.Release|Any CPU.Build.0 = Release|Any CPU
		{0359A9B0-B9D3-4248-BE4D-197B02565A95}.Release|x64.ActiveCfg = Release|Any CPU
		{0359A9B0-B9D3-4248-BE4D-197B02565A95}.Release|x64.Build.0 = Release|Any CPU
		{0359A9B0-B9D3-4248-BE4D-197B02565A95}.Release|x86.ActiveCfg = Release|Any CPU
		{0359A9B0-B9D3-4248-BE4D-197B02565A95}.Release|x86.Build.0 = Release|Any CPU
		{197A617E-9741-42C9-889C-FDD2C9C70DAD}.Debug|Any CPU.ActiveCfg = Debug|Any CPU
		{197A617E-9741-42C9-889C-FDD2C9C70DAD}.Debug|Any CPU.Build.0 = Debug|Any CPU
		{197A617E-9741-42C9-889C-FDD2C9C70DAD}.Debug|x64.ActiveCfg = Debug|Any CPU
		{197A617E-9741-42C9-889C-FDD2C9C70DAD}.Debug|x64.Build.0 = Debug|Any CPU
		{197A617E-9741-42C9-889C-FDD2C9C70DAD}.Debug|x86.ActiveCfg = Debug|Any CPU
		{197A617E-9741-42C9-889C-FDD2C9C70DAD}.Debug|x86.Build.0 = Debug|Any CPU
		{197A617E-9741-42C9-889C-FDD2C9C70DAD}.Release|Any CPU.ActiveCfg = Release|Any CPU
		{197A617E-9741-42C9-889C-FDD2C9C70DAD}.Release|Any CPU.Build.0 = Release|Any CPU
		{197A617E-9741-42C9-889C-FDD2C9C70DAD}.Release|x64.ActiveCfg = Release|Any CPU
		{197A617E-9741-42C9-889C-FDD2C9C70DAD}.Release|x64.Build.0 = Release|Any CPU
		{197A617E-9741-42C9-889C-FDD2C9C70DAD}.Release|x86.ActiveCfg = Release|Any CPU
		{197A617E-9741-42C9-889C-FDD2C9C70DAD}.Release|x86.Build.0 = Release|Any CPU
		{90A65901-A673-4EE2-A78C-7F41EF6CE4E5}.Debug|Any CPU.ActiveCfg = Debug|Any CPU
		{90A65901-A673-4EE2-A78C-7F41EF6CE4E5}.Debug|Any CPU.Build.0 = Debug|Any CPU
		{90A65901-A673-4EE2-A78C-7F41EF6CE4E5}.Debug|x64.ActiveCfg = Debug|Any CPU
		{90A65901-A673-4EE2-A78C-7F41EF6CE4E5}.Debug|x64.Build.0 = Debug|Any CPU
		{90A65901-A673-4EE2-A78C-7F41EF6CE4E5}.Debug|x86.ActiveCfg = Debug|Any CPU
		{90A65901-A673-4EE2-A78C-7F41EF6CE4E5}.Debug|x86.Build.0 = Debug|Any CPU
		{90A65901-A673-4EE2-A78C-7F41EF6CE4E5}.Release|Any CPU.ActiveCfg = Release|Any CPU
		{90A65901-A673-4EE2-A78C-7F41EF6CE4E5}.Release|Any CPU.Build.0 = Release|Any CPU
		{90A65901-A673-4EE2-A78C-7F41EF6CE4E5}.Release|x64.ActiveCfg = Release|Any CPU
		{90A65901-A673-4EE2-A78C-7F41EF6CE4E5}.Release|x64.Build.0 = Release|Any CPU
		{90A65901-A673-4EE2-A78C-7F41EF6CE4E5}.Release|x86.ActiveCfg = Release|Any CPU
		{90A65901-A673-4EE2-A78C-7F41EF6CE4E5}.Release|x86.Build.0 = Release|Any CPU
		{269EFA64-0F0F-4846-8FFA-9C229DA76F0D}.Debug|Any CPU.ActiveCfg = Debug|Any CPU
		{269EFA64-0F0F-4846-8FFA-9C229DA76F0D}.Debug|Any CPU.Build.0 = Debug|Any CPU
		{269EFA64-0F0F-4846-8FFA-9C229DA76F0D}.Debug|x64.ActiveCfg = Debug|Any CPU
		{269EFA64-0F0F-4846-8FFA-9C229DA76F0D}.Debug|x64.Build.0 = Debug|Any CPU
		{269EFA64-0F0F-4846-8FFA-9C229DA76F0D}.Debug|x86.ActiveCfg = Debug|Any CPU
		{269EFA64-0F0F-4846-8FFA-9C229DA76F0D}.Debug|x86.Build.0 = Debug|Any CPU
		{269EFA64-0F0F-4846-8FFA-9C229DA76F0D}.Release|Any CPU.ActiveCfg = Release|Any CPU
		{269EFA64-0F0F-4846-8FFA-9C229DA76F0D}.Release|Any CPU.Build.0 = Release|Any CPU
		{269EFA64-0F0F-4846-8FFA-9C229DA76F0D}.Release|x64.ActiveCfg = Release|Any CPU
		{269EFA64-0F0F-4846-8FFA-9C229DA76F0D}.Release|x64.Build.0 = Release|Any CPU
		{269EFA64-0F0F-4846-8FFA-9C229DA76F0D}.Release|x86.ActiveCfg = Release|Any CPU
		{269EFA64-0F0F-4846-8FFA-9C229DA76F0D}.Release|x86.Build.0 = Release|Any CPU
		{ACE3C7D3-96F4-4977-B504-4A5DD394F664}.Debug|Any CPU.ActiveCfg = Debug|Any CPU
		{ACE3C7D3-96F4-4977-B504-4A5DD394F664}.Debug|Any CPU.Build.0 = Debug|Any CPU
		{ACE3C7D3-96F4-4977-B504-4A5DD394F664}.Debug|x64.ActiveCfg = Debug|Any CPU
		{ACE3C7D3-96F4-4977-B504-4A5DD394F664}.Debug|x64.Build.0 = Debug|Any CPU
		{ACE3C7D3-96F4-4977-B504-4A5DD394F664}.Debug|x86.ActiveCfg = Debug|Any CPU
		{ACE3C7D3-96F4-4977-B504-4A5DD394F664}.Debug|x86.Build.0 = Debug|Any CPU
		{ACE3C7D3-96F4-4977-B504-4A5DD394F664}.Release|Any CPU.ActiveCfg = Release|Any CPU
		{ACE3C7D3-96F4-4977-B504-4A5DD394F664}.Release|Any CPU.Build.0 = Release|Any CPU
		{ACE3C7D3-96F4-4977-B504-4A5DD394F664}.Release|x64.ActiveCfg = Release|Any CPU
		{ACE3C7D3-96F4-4977-B504-4A5DD394F664}.Release|x64.Build.0 = Release|Any CPU
		{ACE3C7D3-96F4-4977-B504-4A5DD394F664}.Release|x86.ActiveCfg = Release|Any CPU
		{ACE3C7D3-96F4-4977-B504-4A5DD394F664}.Release|x86.Build.0 = Release|Any CPU
		{5AF77572-72A2-4715-8E8B-C78C5B384841}.Debug|Any CPU.ActiveCfg = Debug|Any CPU
		{5AF77572-72A2-4715-8E8B-C78C5B384841}.Debug|Any CPU.Build.0 = Debug|Any CPU
		{5AF77572-72A2-4715-8E8B-C78C5B384841}.Debug|x64.ActiveCfg = Debug|Any CPU
		{5AF77572-72A2-4715-8E8B-C78C5B384841}.Debug|x64.Build.0 = Debug|Any CPU
		{5AF77572-72A2-4715-8E8B-C78C5B384841}.Debug|x86.ActiveCfg = Debug|Any CPU
		{5AF77572-72A2-4715-8E8B-C78C5B384841}.Debug|x86.Build.0 = Debug|Any CPU
		{5AF77572-72A2-4715-8E8B-C78C5B384841}.Release|Any CPU.ActiveCfg = Release|Any CPU
		{5AF77572-72A2-4715-8E8B-C78C5B384841}.Release|Any CPU.Build.0 = Release|Any CPU
		{5AF77572-72A2-4715-8E8B-C78C5B384841}.Release|x64.ActiveCfg = Release|Any CPU
		{5AF77572-72A2-4715-8E8B-C78C5B384841}.Release|x64.Build.0 = Release|Any CPU
		{5AF77572-72A2-4715-8E8B-C78C5B384841}.Release|x86.ActiveCfg = Release|Any CPU
		{5AF77572-72A2-4715-8E8B-C78C5B384841}.Release|x86.Build.0 = Release|Any CPU
		{FB14BA5E-6225-4E21-8D38-E1AF34B5F8F9}.Debug|Any CPU.ActiveCfg = Debug|Any CPU
		{FB14BA5E-6225-4E21-8D38-E1AF34B5F8F9}.Debug|Any CPU.Build.0 = Debug|Any CPU
		{FB14BA5E-6225-4E21-8D38-E1AF34B5F8F9}.Debug|x64.ActiveCfg = Debug|Any CPU
		{FB14BA5E-6225-4E21-8D38-E1AF34B5F8F9}.Debug|x64.Build.0 = Debug|Any CPU
		{FB14BA5E-6225-4E21-8D38-E1AF34B5F8F9}.Debug|x86.ActiveCfg = Debug|Any CPU
		{FB14BA5E-6225-4E21-8D38-E1AF34B5F8F9}.Debug|x86.Build.0 = Debug|Any CPU
		{FB14BA5E-6225-4E21-8D38-E1AF34B5F8F9}.Release|Any CPU.ActiveCfg = Release|Any CPU
		{FB14BA5E-6225-4E21-8D38-E1AF34B5F8F9}.Release|Any CPU.Build.0 = Release|Any CPU
		{FB14BA5E-6225-4E21-8D38-E1AF34B5F8F9}.Release|x64.ActiveCfg = Release|Any CPU
		{FB14BA5E-6225-4E21-8D38-E1AF34B5F8F9}.Release|x64.Build.0 = Release|Any CPU
		{FB14BA5E-6225-4E21-8D38-E1AF34B5F8F9}.Release|x86.ActiveCfg = Release|Any CPU
		{FB14BA5E-6225-4E21-8D38-E1AF34B5F8F9}.Release|x86.Build.0 = Release|Any CPU
		{AAC795B6-7936-4226-A8F5-265A02258107}.Debug|Any CPU.ActiveCfg = Debug|Any CPU
		{AAC795B6-7936-4226-A8F5-265A02258107}.Debug|Any CPU.Build.0 = Debug|Any CPU
		{AAC795B6-7936-4226-A8F5-265A02258107}.Debug|x64.ActiveCfg = Debug|Any CPU
		{AAC795B6-7936-4226-A8F5-265A02258107}.Debug|x64.Build.0 = Debug|Any CPU
		{AAC795B6-7936-4226-A8F5-265A02258107}.Debug|x86.ActiveCfg = Debug|Any CPU
		{AAC795B6-7936-4226-A8F5-265A02258107}.Debug|x86.Build.0 = Debug|Any CPU
		{AAC795B6-7936-4226-A8F5-265A02258107}.Release|Any CPU.ActiveCfg = Release|Any CPU
		{AAC795B6-7936-4226-A8F5-265A02258107}.Release|Any CPU.Build.0 = Release|Any CPU
		{AAC795B6-7936-4226-A8F5-265A02258107}.Release|x64.ActiveCfg = Release|Any CPU
		{AAC795B6-7936-4226-A8F5-265A02258107}.Release|x64.Build.0 = Release|Any CPU
		{AAC795B6-7936-4226-A8F5-265A02258107}.Release|x86.ActiveCfg = Release|Any CPU
		{AAC795B6-7936-4226-A8F5-265A02258107}.Release|x86.Build.0 = Release|Any CPU
		{C521A0E0-4443-419E-94E1-5A6C7BAAF9EF}.Debug|Any CPU.ActiveCfg = Debug|Any CPU
		{C521A0E0-4443-419E-94E1-5A6C7BAAF9EF}.Debug|Any CPU.Build.0 = Debug|Any CPU
		{C521A0E0-4443-419E-94E1-5A6C7BAAF9EF}.Debug|x64.ActiveCfg = Debug|Any CPU
		{C521A0E0-4443-419E-94E1-5A6C7BAAF9EF}.Debug|x64.Build.0 = Debug|Any CPU
		{C521A0E0-4443-419E-94E1-5A6C7BAAF9EF}.Debug|x86.ActiveCfg = Debug|Any CPU
		{C521A0E0-4443-419E-94E1-5A6C7BAAF9EF}.Debug|x86.Build.0 = Debug|Any CPU
		{C521A0E0-4443-419E-94E1-5A6C7BAAF9EF}.Release|Any CPU.ActiveCfg = Release|Any CPU
		{C521A0E0-4443-419E-94E1-5A6C7BAAF9EF}.Release|Any CPU.Build.0 = Release|Any CPU
		{C521A0E0-4443-419E-94E1-5A6C7BAAF9EF}.Release|x64.ActiveCfg = Release|Any CPU
		{C521A0E0-4443-419E-94E1-5A6C7BAAF9EF}.Release|x64.Build.0 = Release|Any CPU
		{C521A0E0-4443-419E-94E1-5A6C7BAAF9EF}.Release|x86.ActiveCfg = Release|Any CPU
		{C521A0E0-4443-419E-94E1-5A6C7BAAF9EF}.Release|x86.Build.0 = Release|Any CPU
		{3B8663EA-CFAB-4E32-ACDD-7F91C020A5B5}.Debug|Any CPU.ActiveCfg = Debug|Any CPU
		{3B8663EA-CFAB-4E32-ACDD-7F91C020A5B5}.Debug|Any CPU.Build.0 = Debug|Any CPU
		{3B8663EA-CFAB-4E32-ACDD-7F91C020A5B5}.Debug|x64.ActiveCfg = Debug|Any CPU
		{3B8663EA-CFAB-4E32-ACDD-7F91C020A5B5}.Debug|x64.Build.0 = Debug|Any CPU
		{3B8663EA-CFAB-4E32-ACDD-7F91C020A5B5}.Debug|x86.ActiveCfg = Debug|Any CPU
		{3B8663EA-CFAB-4E32-ACDD-7F91C020A5B5}.Debug|x86.Build.0 = Debug|Any CPU
		{3B8663EA-CFAB-4E32-ACDD-7F91C020A5B5}.Release|Any CPU.ActiveCfg = Release|Any CPU
		{3B8663EA-CFAB-4E32-ACDD-7F91C020A5B5}.Release|Any CPU.Build.0 = Release|Any CPU
		{3B8663EA-CFAB-4E32-ACDD-7F91C020A5B5}.Release|x64.ActiveCfg = Release|Any CPU
		{3B8663EA-CFAB-4E32-ACDD-7F91C020A5B5}.Release|x64.Build.0 = Release|Any CPU
		{3B8663EA-CFAB-4E32-ACDD-7F91C020A5B5}.Release|x86.ActiveCfg = Release|Any CPU
		{3B8663EA-CFAB-4E32-ACDD-7F91C020A5B5}.Release|x86.Build.0 = Release|Any CPU
		{2BAE28F5-E3B9-481F-A543-6E04C9DE5B5A}.Debug|Any CPU.ActiveCfg = Debug|Any CPU
		{2BAE28F5-E3B9-481F-A543-6E04C9DE5B5A}.Debug|Any CPU.Build.0 = Debug|Any CPU
		{2BAE28F5-E3B9-481F-A543-6E04C9DE5B5A}.Debug|x64.ActiveCfg = Debug|Any CPU
		{2BAE28F5-E3B9-481F-A543-6E04C9DE5B5A}.Debug|x64.Build.0 = Debug|Any CPU
		{2BAE28F5-E3B9-481F-A543-6E04C9DE5B5A}.Debug|x86.ActiveCfg = Debug|Any CPU
		{2BAE28F5-E3B9-481F-A543-6E04C9DE5B5A}.Debug|x86.Build.0 = Debug|Any CPU
		{2BAE28F5-E3B9-481F-A543-6E04C9DE5B5A}.Release|Any CPU.ActiveCfg = Release|Any CPU
		{2BAE28F5-E3B9-481F-A543-6E04C9DE5B5A}.Release|Any CPU.Build.0 = Release|Any CPU
		{2BAE28F5-E3B9-481F-A543-6E04C9DE5B5A}.Release|x64.ActiveCfg = Release|Any CPU
		{2BAE28F5-E3B9-481F-A543-6E04C9DE5B5A}.Release|x64.Build.0 = Release|Any CPU
		{2BAE28F5-E3B9-481F-A543-6E04C9DE5B5A}.Release|x86.ActiveCfg = Release|Any CPU
		{2BAE28F5-E3B9-481F-A543-6E04C9DE5B5A}.Release|x86.Build.0 = Release|Any CPU
		{65B4269E-B928-44B8-B15B-8F475C09515D}.Debug|Any CPU.ActiveCfg = Debug|Any CPU
		{65B4269E-B928-44B8-B15B-8F475C09515D}.Debug|Any CPU.Build.0 = Debug|Any CPU
		{65B4269E-B928-44B8-B15B-8F475C09515D}.Debug|x64.ActiveCfg = Debug|Any CPU
		{65B4269E-B928-44B8-B15B-8F475C09515D}.Debug|x64.Build.0 = Debug|Any CPU
		{65B4269E-B928-44B8-B15B-8F475C09515D}.Debug|x86.ActiveCfg = Debug|Any CPU
		{65B4269E-B928-44B8-B15B-8F475C09515D}.Debug|x86.Build.0 = Debug|Any CPU
		{65B4269E-B928-44B8-B15B-8F475C09515D}.Release|Any CPU.ActiveCfg = Release|Any CPU
		{65B4269E-B928-44B8-B15B-8F475C09515D}.Release|Any CPU.Build.0 = Release|Any CPU
		{65B4269E-B928-44B8-B15B-8F475C09515D}.Release|x64.ActiveCfg = Release|Any CPU
		{65B4269E-B928-44B8-B15B-8F475C09515D}.Release|x64.Build.0 = Release|Any CPU
		{65B4269E-B928-44B8-B15B-8F475C09515D}.Release|x86.ActiveCfg = Release|Any CPU
		{65B4269E-B928-44B8-B15B-8F475C09515D}.Release|x86.Build.0 = Release|Any CPU
	EndGlobalSection
	GlobalSection(SolutionProperties) = preSolution
		HideSolutionNode = FALSE
	EndGlobalSection
	GlobalSection(NestedProjects) = preSolution
		{C2B72A21-FC0C-469B-98FD-96E2A9CCAA40} = {5FB28234-858F-4E64-920E-245F92529D8F}
		{3A40B955-39A2-46E3-A24C-C85AA83A48B4} = {67A04439-B9B7-4420-A229-6353EAD7E265}
		{DA22C20E-2D43-4090-AA65-C20591F78A0E} = {5FB28234-858F-4E64-920E-245F92529D8F}
		{79F6CBD4-DFA3-4B4D-9CD9-D710CBB75EC5} = {5FB28234-858F-4E64-920E-245F92529D8F}
		{56758034-C280-4626-A417-FF48A8402338} = {5FB28234-858F-4E64-920E-245F92529D8F}
		{0359A9B0-B9D3-4248-BE4D-197B02565A95} = {5FB28234-858F-4E64-920E-245F92529D8F}
		{197A617E-9741-42C9-889C-FDD2C9C70DAD} = {F0B7769E-388B-4FA6-B0F4-1599CE75C5D6}
		{90A65901-A673-4EE2-A78C-7F41EF6CE4E5} = {67A04439-B9B7-4420-A229-6353EAD7E265}
		{269EFA64-0F0F-4846-8FFA-9C229DA76F0D} = {67A04439-B9B7-4420-A229-6353EAD7E265}
		{ACE3C7D3-96F4-4977-B504-4A5DD394F664} = {67A04439-B9B7-4420-A229-6353EAD7E265}
		{5AF77572-72A2-4715-8E8B-C78C5B384841} = {5FB28234-858F-4E64-920E-245F92529D8F}
		{FB14BA5E-6225-4E21-8D38-E1AF34B5F8F9} = {5FB28234-858F-4E64-920E-245F92529D8F}
		{AAC795B6-7936-4226-A8F5-265A02258107} = {67A04439-B9B7-4420-A229-6353EAD7E265}
		{C521A0E0-4443-419E-94E1-5A6C7BAAF9EF} = {F0B7769E-388B-4FA6-B0F4-1599CE75C5D6}
		{3B8663EA-CFAB-4E32-ACDD-7F91C020A5B5} = {760AB15A-8938-8D9B-BEDE-5CE1484B84C3}
		{2BAE28F5-E3B9-481F-A543-6E04C9DE5B5A} = {5FB28234-858F-4E64-920E-245F92529D8F}
		{65B4269E-B928-44B8-B15B-8F475C09515D} = {67A04439-B9B7-4420-A229-6353EAD7E265}
	EndGlobalSection
EndGlobal
